# THIS IS AN AUTOGENERATED FILE. DO NOT EDIT THIS FILE DIRECTLY.
# yarn lockfile v1


"@cspotcode/source-map-support@^0.8.0":
  version "0.8.1"
  resolved "https://registry.yarnpkg.com/@cspotcode/source-map-support/-/source-map-support-0.8.1.tgz#00629c35a688e05a88b1cda684fb9d5e73f000a1"
  integrity sha512-IchNf6dN4tHoMFIn/7OE8LWZ19Y6q/67Bmf6vnGREv8RSbBVb9LPJxEcnwrcwX6ixSvaiGoomAUvu4YSxXrVgw==
  dependencies:
    "@jridgewell/trace-mapping" "0.3.9"

"@effect/core@^0.0.16":
  version "0.0.16"
  resolved "https://registry.yarnpkg.com/@effect/core/-/core-0.0.16.tgz#b3199462a12609fbaf1c52f218f3ff11d9c8f3f6"
  integrity sha512-JugbKcqo9CPdm4n7t/buO4nYxKwThafh0tXVvPgRC3RcwuOS1dzo3tIk6RVq1wYh8Kg4df5SwmdED2VvN4c/RA==
  dependencies:
    "@effect/printer" "^0.0.4"
    "@tsplus/stdlib" "^0.2.8"

"@effect/io@^0.0.26":
  version "0.0.26"
  resolved "https://registry.yarnpkg.com/@effect/io/-/io-0.0.26.tgz#5cae4951ff496d82023e5dacaf7290a9d7ce7751"
  integrity sha512-477jUAYnvVZLE1FYlDfeHTlEkroKXPRie7fR8A9tTYc/925+/bwbFO10lrZjj8wYkZ+hwbUNf8qXNf95QsO+Vg==
  dependencies:
    "@effect/printer" "^0.1.5"
    "@fp-ts/core" "^0.0.8"
    "@fp-ts/data" "^0.0.17"

"@effect/language-service@^0.0.5":
  version "0.0.5"
  resolved "https://registry.yarnpkg.com/@effect/language-service/-/language-service-0.0.5.tgz#7204b6bef5782ac38146b4ce45df83c09959c8de"
  integrity sha512-R3FxGCZRhQdGTJfyUiO123pD+lQXmsQiyRGtBZ7fwPFueLdon/jgGH82S8scyOLAmXwN6caZq48aUWUeCQi+Bg==
  dependencies:
    "@effect/core" "^0.0.16"
    "@effect/printer" "^0.1.3"
    "@fp-ts/core" "^0.0.8"
    "@fp-ts/data" "^0.0.15"
    "@tsplus/stdlib" "^0.2.8"

"@effect/printer@^0.0.4":
  version "0.0.4"
  resolved "https://registry.yarnpkg.com/@effect/printer/-/printer-0.0.4.tgz#3c829e0c3f42c64cb2e7768573b3b49a6e81ebc2"
  integrity sha512-oTn6U9GCg01E+kYwUBs4LM6k6hVq0pA7ZAYKdj972n2LjYeqg4+We6ZqoYWH2Pw5TDHOavtIEdYqt61uUxiZgg==
  dependencies:
    "@tsplus/stdlib" "^0.2.6"

"@effect/printer@^0.1.3":
  version "0.1.4"
  resolved "https://registry.yarnpkg.com/@effect/printer/-/printer-0.1.4.tgz#c03f025ef6625646b9333e2feecca0bf6eef833d"
  integrity sha512-xilOF8IbVG91de5huTvzO7PYZ2naF1LLux98Ci1ygwlVJUcyR52ZS28S+wODy3lbfxN+Q/DOxZODL3vhdjh0Cw==
  dependencies:
    "@fp-ts/core" "^0.0.8"
    "@fp-ts/data" "^0.0.16"

"@effect/printer@^0.1.5":
  version "0.1.5"
  resolved "https://registry.yarnpkg.com/@effect/printer/-/printer-0.1.5.tgz#ea75a50ea1c5ea09bea5aff932adf009d4ede420"
  integrity sha512-Mqg2kPxaXTlGdXa7TkMpIgudwXofH6gjpwaPuBZqSX8H4qcvGYMohJbnEJlsYAmkQ0k1o2VGgGq8wRpnEc0tMg==
  dependencies:
    "@fp-ts/core" "^0.0.8"
    "@fp-ts/data" "^0.0.17"

"@fp-ts/core@^0.0.8":
  version "0.0.8"
  resolved "https://registry.yarnpkg.com/@fp-ts/core/-/core-0.0.8.tgz#4b1144e01e175cd79956a65c99409862640c6e4d"
  integrity sha512-TcZnP2Oc5b2eJ949z81sI3wdt9GpFFufwpEb6VOIlTQTucx18xNXPWmKv+1jrDacfdDh6Q8rP9kUSRohRUz5pQ==

"@fp-ts/data@^0.0.15":
  version "0.0.15"
  resolved "https://registry.yarnpkg.com/@fp-ts/data/-/data-0.0.15.tgz#603207d518a0f7343ec1983300323c68e516d7af"
  integrity sha512-l4CFWx6wl9Nk5MSyeZa+kzAZVVZQZATTEHfQb05QiDgCI+hqQ77O5Ox0smvJALRze6vh/Sz4GLmPwUrdcANVwQ==
  dependencies:
    "@fp-ts/core" "^0.0.8"

"@fp-ts/data@^0.0.16":
  version "0.0.16"
  resolved "https://registry.yarnpkg.com/@fp-ts/data/-/data-0.0.16.tgz#76a426f959e8a22acd02e8b7c5303879015f1119"
  integrity sha512-pfWpZaFHkWMQZfxoUYawahWKsuDANTgu8g4VSyE3Gv0ChprM+0f455e2i0Jy84Wyd8tumL9Fj4ff8oaCNC5d/g==
  dependencies:
    "@fp-ts/core" "^0.0.8"

"@fp-ts/data@^0.0.17":
  version "0.0.17"
  resolved "https://registry.yarnpkg.com/@fp-ts/data/-/data-0.0.17.tgz#92df363511668d3d234836948a9b4104f37e9be9"
  integrity sha512-1Y/3ZqJYggbEeOEHOAiWQ0hdHSuoCT/77yUeharTTlipfGHYKS1vMQ05tI++jYJ5YcH5UIuX4AfZmRFX+SxrMw==
  dependencies:
    "@fp-ts/core" "^0.0.8"

"@jridgewell/resolve-uri@^3.0.3":
  version "3.0.7"
  resolved "https://registry.yarnpkg.com/@jridgewell/resolve-uri/-/resolve-uri-3.0.7.tgz#30cd49820a962aff48c8fffc5cd760151fca61fe"
  integrity sha512-8cXDaBBHOr2pQ7j77Y6Vp5VDT2sIqWyWQ56TjEq4ih/a4iST3dItRe8Q9fp0rrIl9DoKhWQtUQz/YpOxLkXbNA==

"@jridgewell/sourcemap-codec@^1.4.10":
  version "1.4.13"
  resolved "https://registry.yarnpkg.com/@jridgewell/sourcemap-codec/-/sourcemap-codec-1.4.13.tgz#b6461fb0c2964356c469e115f504c95ad97ab88c"
  integrity sha512-GryiOJmNcWbovBxTfZSF71V/mXbgcV3MewDe3kIMCLyIh5e7SKAeUZs+rMnJ8jkMolZ/4/VsdBmMrw3l+VdZ3w==

"@jridgewell/trace-mapping@0.3.9":
  version "0.3.9"
  resolved "https://registry.yarnpkg.com/@jridgewell/trace-mapping/-/trace-mapping-0.3.9.tgz#6534fd5933a53ba7cbf3a17615e273a0d1273ff9"
  integrity sha512-3Belt6tdc8bPgAtbcmdtNJlirVoTmEb5e2gC94PnkwEW9jI6CAHUeoG85tjWP5WquqfavoMtMwiG4P926ZKKuQ==
  dependencies:
    "@jridgewell/resolve-uri" "^3.0.3"
    "@jridgewell/sourcemap-codec" "^1.4.10"

"@rollup/pluginutils@^5.0.2":
  version "5.0.2"
  resolved "https://registry.yarnpkg.com/@rollup/pluginutils/-/pluginutils-5.0.2.tgz#012b8f53c71e4f6f9cb317e311df1404f56e7a33"
  integrity sha512-pTd9rIsP92h+B6wWwFbW8RkZv4hiR/xKsqre4SIuAOaOEQRxi0lqLke9k2/7WegC85GgUs9pjmOjCUi3In4vwA==
  dependencies:
    "@types/estree" "^1.0.0"
    estree-walker "^2.0.2"
    picomatch "^2.3.1"

"@tsconfig/node10@^1.0.7":
  version "1.0.8"
  resolved "https://registry.yarnpkg.com/@tsconfig/node10/-/node10-1.0.8.tgz#c1e4e80d6f964fbecb3359c43bd48b40f7cadad9"
  integrity sha512-6XFfSQmMgq0CFLY1MslA/CPUfhIL919M1rMsa5lP2P097N2Wd1sSX0tx1u4olM16fLNhtHZpRhedZJphNJqmZg==

"@tsconfig/node12@^1.0.7":
  version "1.0.9"
  resolved "https://registry.yarnpkg.com/@tsconfig/node12/-/node12-1.0.9.tgz#62c1f6dee2ebd9aead80dc3afa56810e58e1a04c"
  integrity sha512-/yBMcem+fbvhSREH+s14YJi18sp7J9jpuhYByADT2rypfajMZZN4WQ6zBGgBKp53NKmqI36wFYDb3yaMPurITw==

"@tsconfig/node14@^1.0.0":
  version "1.0.1"
  resolved "https://registry.yarnpkg.com/@tsconfig/node14/-/node14-1.0.1.tgz#95f2d167ffb9b8d2068b0b235302fafd4df711f2"
  integrity sha512-509r2+yARFfHHE7T6Puu2jjkoycftovhXRqW328PDXTVGKihlb1P8Z9mMZH04ebyajfRY7dedfGynlrFHJUQCg==

"@tsconfig/node16@^1.0.2":
  version "1.0.2"
  resolved "https://registry.yarnpkg.com/@tsconfig/node16/-/node16-1.0.2.tgz#423c77877d0569db20e1fc80885ac4118314010e"
  integrity sha512-eZxlbI8GZscaGS7kkc/trHTT5xgrjH3/1n2JDwusC9iahPKWMRvRjJSAN5mCXviuTGQ/lHnhvv8Q1YTpnfz9gA==

"@tsplus/stdlib@^0.2.6", "@tsplus/stdlib@^0.2.8":
  version "0.2.8"
  resolved "https://registry.yarnpkg.com/@tsplus/stdlib/-/stdlib-0.2.8.tgz#060380d9d16d5ae059750c469f52e4257a1b6e66"
  integrity sha512-UKAN06h9V/wUflSbOU1WwACisXEi4+PHwGqR+bwxqcClrEAA8KKTTLZ0ATMbqbVAVTudE0vW4pd5iY6vGvSFBw==

"@types/estree@^1.0.0":
  version "1.0.0"
  resolved "https://registry.yarnpkg.com/@types/estree/-/estree-1.0.0.tgz#5fb2e536c1ae9bf35366eed879e827fa59ca41c2"
  integrity sha512-WulqXMDUTYAXCjZnk6JtIHPigp55cVtDgDrO2gHRwhyJto21+1zbVCtOYB2L1F9w4qCQ0rOGWBnBe0FNTiEJIQ==

acorn-walk@^8.1.1:
  version "8.2.0"
  resolved "https://registry.yarnpkg.com/acorn-walk/-/acorn-walk-8.2.0.tgz#741210f2e2426454508853a2f44d0ab83b7f69c1"
  integrity sha512-k+iyHEuPgSw6SbuDpGQM+06HQUa04DZ3o+F6CSzXMvvI5KMvnaEqXe+YVe555R9nn6GPt404fos4wcgpw12SDA==

acorn@^8.4.1:
  version "8.7.1"
  resolved "https://registry.yarnpkg.com/acorn/-/acorn-8.7.1.tgz#0197122c843d1bf6d0a5e83220a788f278f63c30"
  integrity sha512-Xx54uLJQZ19lKygFXOWsscKUbsBZW0CPykPhVQdhIeIwrbPmJzqeASDInc8nKBnp/JT6igTs82qPXz069H8I/A==

arg@^4.1.0:
  version "4.1.3"
  resolved "https://registry.yarnpkg.com/arg/-/arg-4.1.3.tgz#269fc7ad5b8e42cb63c896d5666017261c144089"
  integrity sha512-58S9QDqG0Xx27YwPSt9fJxivjYl432YCwfDMfZ+71RAqUrZef7LrKQZ3LHLOwCS4FLNBplP533Zx895SeOCHvA==

create-require@^1.1.0:
  version "1.1.1"
  resolved "https://registry.yarnpkg.com/create-require/-/create-require-1.1.1.tgz#c1d7e8f1e5f6cfc9ff65f9cd352d37348756c333"
  integrity sha512-dcKFX3jn0MpIaXjisoRvexIJVEKzaq7z2rZKxf+MSr9TkdmHmsU4m2lcLojrj/FHl8mk5VxMmYA+ftRkP/3oKQ==

diff@^4.0.1:
  version "4.0.2"
  resolved "https://registry.yarnpkg.com/diff/-/diff-4.0.2.tgz#60f3aecb89d5fae520c11aa19efc2bb982aade7d"
  integrity sha512-58lmxKSA4BNyLz+HHMUzlOEpg09FV+ev6ZMe3vJihgdxzgcwZ8VoEEPmALCZG9LmqfVoNMMKpttIYTVG6uDY7A==

estree-walker@^2.0.2:
  version "2.0.2"
  resolved "https://registry.yarnpkg.com/estree-walker/-/estree-walker-2.0.2.tgz#52f010178c2a4c117a7757cfe942adb7d2da4cac"
  integrity sha512-Rfkk/Mp/DL7JVje3u18FxFujQlTNR2q6QfMSMB7AvCBx91NGj/ba3kCfza0f6dVDbw7YlRf/nDrn7pQrCCyQ/w==

make-error@^1.1.1:
  version "1.3.6"
  resolved "https://registry.yarnpkg.com/make-error/-/make-error-1.3.6.tgz#2eb2e37ea9b67c4891f684a1394799af484cf7a2"
  integrity sha512-s8UhlNe7vPKomQhC1qFelMokr/Sc3AgNbso3n74mVPA5LTZwkB9NlXf4XPamLxJE8h0gh73rM94xvwRT2CVInw==

picomatch@^2.3.1:
  version "2.3.1"
  resolved "https://registry.yarnpkg.com/picomatch/-/picomatch-2.3.1.tgz#3ba3833733646d9d3e4995946c1365a67fb07a42"
  integrity sha512-JU3teHTNjmE2VCGFzuY8EXzCDVwEqB2a8fsIvwaStHhAWJEeVd1o1QD80CU6+ZdEXXSLbSsuLwJjkCBWqRQUVA==

ts-node@^10.8.0:
  version "10.8.0"
  resolved "https://registry.yarnpkg.com/ts-node/-/ts-node-10.8.0.tgz#3ceb5ac3e67ae8025c1950626aafbdecb55d82ce"
  integrity sha512-/fNd5Qh+zTt8Vt1KbYZjRHCE9sI5i7nqfD/dzBBRDeVXZXS6kToW6R7tTU6Nd4XavFs0mAVCg29Q//ML7WsZYA==
  dependencies:
    "@cspotcode/source-map-support" "^0.8.0"
    "@tsconfig/node10" "^1.0.7"
    "@tsconfig/node12" "^1.0.7"
    "@tsconfig/node14" "^1.0.0"
    "@tsconfig/node16" "^1.0.2"
    acorn "^8.4.1"
    acorn-walk "^8.1.1"
    arg "^4.1.0"
    create-require "^1.1.0"
    diff "^4.0.1"
    make-error "^1.1.1"
    v8-compile-cache-lib "^3.0.1"
    yn "3.1.1"

"typescript@https://cdn.jsdelivr.net/npm/@tsplus/installer@0.0.159/compiler/typescript.tgz":
  version "5.0.0-tsplus.20221127"
  resolved "https://cdn.jsdelivr.net/npm/@tsplus/installer@0.0.159/compiler/typescript.tgz#51b98934ebdeb4c09401df8787c44c4208fab8fd"

v8-compile-cache-lib@^3.0.1:
  version "3.0.1"
  resolved "https://registry.yarnpkg.com/v8-compile-cache-lib/-/v8-compile-cache-lib-3.0.1.tgz#6336e8d71965cb3d35a1bbb7868445a7c05264bf"
  integrity sha512-wa7YjyUGfNZngI/vtK0UHAN+lgDCxBPCylVXGp0zu59Fz5aiGtNXaq3DhIov063MorB+VfufLh3JlF2KdTK3xg==

yn@3.1.1:
  version "3.1.1"
  resolved "https://registry.yarnpkg.com/yn/-/yn-3.1.1.tgz#1e87401a09d767c1d5eab26a6e4c185182d2eb50"
  integrity sha512-Ux4ygGWsu2c7isFWe8Yu1YluJmqVhxqK2cLXNQA5AcC3QfbGNpM7fu0Y8b/z16pXLnFxZYvWhd3fhBY9DLmC6Q==
